
Microsoft Visual Studio Solution File, Format Version 12.00
# Visual Studio Version 16
VisualStudioVersion = 16.0.31129.286
MinimumVisualStudioVersion = 10.0.40219.1
Project("{2150E333-8FDC-42A3-9474-1A3956D46DE8}") = "Microservices", "Microservices", "{294D1D52-CC22-457B-9518-17BE21915493}"
EndProject
Project("{2150E333-8FDC-42A3-9474-1A3956D46DE8}") = "Domian", "Domian", "{202C5158-B66B-453C-8850-D9A602C0BB74}"
EndProject
Project("{2150E333-8FDC-42A3-9474-1A3956D46DE8}") = "infra.Bus", "infra.Bus", "{7F14FB51-9D7B-4A22-A620-9FA752BBF216}"
EndProject
Project("{2150E333-8FDC-42A3-9474-1A3956D46DE8}") = "infra.IoC", "infra.IoC", "{AC2F24DF-A3DF-48E2-ABF4-5D298E60E69A}"
EndProject
Project("{2150E333-8FDC-42A3-9474-1A3956D46DE8}") = "Presentation", "Presentation", "{50FEE6E5-DD47-4428-9285-0A3AB2CB57E8}"
EndProject
Global
	GlobalSection(SolutionProperties) = preSolution
		HideSolutionNode = FALSE
	EndGlobalSection
	GlobalSection(ExtensibilityGlobals) = postSolution
		SolutionGuid = {076F8AAB-CBF5-4FE1-8916-8FD404B763D1}
	EndGlobalSection
EndGlobal
