
Microsoft Visual Studio Solution File, Format Version 12.00
# Visual Studio Version 16
VisualStudioVersion = 16.0.31129.286
MinimumVisualStudioVersion = 10.0.40219.1
Project("{2150E333-8FDC-42A3-9474-1A3956D46DE8}") = "Microservices", "Microservices", "{294D1D52-CC22-457B-9518-17BE21915493}"
EndProject
Project("{2150E333-8FDC-42A3-9474-1A3956D46DE8}") = "Domian", "Domian", "{202C5158-B66B-453C-8850-D9A602C0BB74}"
EndProject
Project("{2150E333-8FDC-42A3-9474-1A3956D46DE8}") = "infra.Bus", "infra.Bus", "{7F14FB51-9D7B-4A22-A620-9FA752BBF216}"
EndProject
Project("{2150E333-8FDC-42A3-9474-1A3956D46DE8}") = "infra.IoC", "infra.IoC", "{AC2F24DF-A3DF-48E2-ABF4-5D298E60E69A}"
EndProject
Project("{2150E333-8FDC-42A3-9474-1A3956D46DE8}") = "Presentation", "Presentation", "{50FEE6E5-DD47-4428-9285-0A3AB2CB57E8}"
EndProject
Project("{FAE04EC0-301F-11D3-BF4B-00C04F79EFBC}") = "MicroRabbit.Domain.Core", "MicroRabbit.Domain.Core\MicroRabbit.Domain.Core.csproj", "{3EDCC163-FDB9-4C99-B64D-E5C4F69A1A74}"
EndProject
Global
	GlobalSection(SolutionConfigurationPlatforms) = preSolution
		Debug|Any CPU = Debug|Any CPU
		Release|Any CPU = Release|Any CPU
	EndGlobalSection
	GlobalSection(ProjectConfigurationPlatforms) = postSolution
		{3EDCC163-FDB9-4C99-B64D-E5C4F69A1A74}.Debug|Any CPU.ActiveCfg = Debug|Any CPU
		{3EDCC163-FDB9-4C99-B64D-E5C4F69A1A74}.Debug|Any CPU.Build.0 = Debug|Any CPU
		{3EDCC163-FDB9-4C99-B64D-E5C4F69A1A74}.Release|Any CPU.ActiveCfg = Release|Any CPU
		{3EDCC163-FDB9-4C99-B64D-E5C4F69A1A74}.Release|Any CPU.Build.0 = Release|Any CPU
	EndGlobalSection
	GlobalSection(SolutionProperties) = preSolution
		HideSolutionNode = FALSE
	EndGlobalSection
	GlobalSection(NestedProjects) = preSolution
		{3EDCC163-FDB9-4C99-B64D-E5C4F69A1A74} = {202C5158-B66B-453C-8850-D9A602C0BB74}
	EndGlobalSection
	GlobalSection(ExtensibilityGlobals) = postSolution
		SolutionGuid = {076F8AAB-CBF5-4FE1-8916-8FD404B763D1}
	EndGlobalSection
EndGlobal
